
Microsoft Visual Studio Solution File, Format Version 12.00
# Visual Studio Version 17
VisualStudioVersion = 17.0.31912.275
MinimumVisualStudioVersion = 10.0.40219.1
Project("{9A19103F-16F7-4668-BE54-9A1E7A4F7556}") = "IdentityTest", "IdentityTest\IdentityTest.csproj", "{C434BF77-4AA3-4410-AA7B-856763A24EE3}"
EndProject
Project("{FAE04EC0-301F-11D3-BF4B-00C04F79EFBC}") = "Api1", "Api1\Api1.csproj", "{6E7A4564-663E-4EA3-A734-B74D98429310}"
EndProject
Global
	GlobalSection(SolutionConfigurationPlatforms) = preSolution
		Debug|Any CPU = Debug|Any CPU
		Release|Any CPU = Release|Any CPU
	EndGlobalSection
	GlobalSection(ProjectConfigurationPlatforms) = postSolution
		{C434BF77-4AA3-4410-AA7B-856763A24EE3}.Debug|Any CPU.ActiveCfg = Debug|Any CPU
		{C434BF77-4AA3-4410-AA7B-856763A24EE3}.Debug|Any CPU.Build.0 = Debug|Any CPU
		{C434BF77-4AA3-4410-AA7B-856763A24EE3}.Release|Any CPU.ActiveCfg = Release|Any CPU
		{C434BF77-4AA3-4410-AA7B-856763A24EE3}.Release|Any CPU.Build.0 = Release|Any CPU
		{6E7A4564-663E-4EA3-A734-B74D98429310}.Debug|Any CPU.ActiveCfg = Debug|Any CPU
		{6E7A4564-663E-4EA3-A734-B74D98429310}.Debug|Any CPU.Build.0 = Debug|Any CPU
		{6E7A4564-663E-4EA3-A734-B74D98429310}.Release|Any CPU.ActiveCfg = Release|Any CPU
		{6E7A4564-663E-4EA3-A734-B74D98429310}.Release|Any CPU.Build.0 = Release|Any CPU
	EndGlobalSection
	GlobalSection(SolutionProperties) = preSolution
		HideSolutionNode = FALSE
	EndGlobalSection
	GlobalSection(ExtensibilityGlobals) = postSolution
		SolutionGuid = {1D27F427-ADBC-49A8-ACBB-A3CF876B8C23}
	EndGlobalSection
EndGlobal
